
Microsoft Visual Studio Solution File, Format Version 12.00
# Visual Studio Version 17
VisualStudioVersion = 17.7.34031.279
MinimumVisualStudioVersion = 10.0.40219.1
Project("{FAE04EC0-301F-11D3-BF4B-00C04F79EFBC}") = "SharpNotesReader", "SharpNotesReader.csproj", "{C0182854-3AC9-44F3-A57B-42FF6559B53E}"
EndProject
Global
	GlobalSection(SolutionConfigurationPlatforms) = preSolution
		Debug|Any CPU = Debug|Any CPU
		Release|Any CPU = Release|Any CPU
	EndGlobalSection
	GlobalSection(ProjectConfigurationPlatforms) = postSolution
		{C0182854-3AC9-44F3-A57B-42FF6559B53E}.Debug|Any CPU.ActiveCfg = Debug|Any CPU
		{C0182854-3AC9-44F3-A57B-42FF6559B53E}.Debug|Any CPU.Build.0 = Debug|Any CPU
		{C0182854-3AC9-44F3-A57B-42FF6559B53E}.Release|Any CPU.ActiveCfg = Release|Any CPU
		{C0182854-3AC9-44F3-A57B-42FF6559B53E}.Release|Any CPU.Build.0 = Release|Any CPU
	EndGlobalSection
	GlobalSection(SolutionProperties) = preSolution
		HideSolutionNode = FALSE
	EndGlobalSection
	GlobalSection(ExtensibilityGlobals) = postSolution
		SolutionGuid = {EC8AD539-DCB0-492F-B3D8-3752E929190D}
	EndGlobalSection
EndGlobal
